// !$*UTF8*$!
{
	archiveVersion = 1;
	classes = {
	};
	objectVersion = 50;
	objects = {

/* Begin PBXBuildFile section */
		127744462722A82A007D63AC /* AppDelegate.swift in Sources */ = {isa = PBXBuildFile; fileRef = 127744452722A82A007D63AC /* AppDelegate.swift */; };
		127744482722A82A007D63AC /* SceneDelegate.swift in Sources */ = {isa = PBXBuildFile; fileRef = 127744472722A82A007D63AC /* SceneDelegate.swift */; };
		1277444A2722A82A007D63AC /* ViewController.swift in Sources */ = {isa = PBXBuildFile; fileRef = 127744492722A82A007D63AC /* ViewController.swift */; };
		1277444D2722A82A007D63AC /* Main.storyboard in Resources */ = {isa = PBXBuildFile; fileRef = 1277444B2722A82A007D63AC /* Main.storyboard */; };
		1277444F2722A82D007D63AC /* Assets.xcassets in Resources */ = {isa = PBXBuildFile; fileRef = 1277444E2722A82D007D63AC /* Assets.xcassets */; };
		127744522722A82D007D63AC /* LaunchScreen.storyboard in Resources */ = {isa = PBXBuildFile; fileRef = 127744502722A82D007D63AC /* LaunchScreen.storyboard */; };
		59A0A48E2C4594A300480EF3 /* UITestingUITests.swift in Sources */ = {isa = PBXBuildFile; fileRef = 59A0A48D2C4594A300480EF3 /* UITestingUITests.swift */; };
		59A0A4902C4594A300480EF3 /* UITestingUITestsLaunchTests.swift in Sources */ = {isa = PBXBuildFile; fileRef = 59A0A48F2C4594A300480EF3 /* UITestingUITestsLaunchTests.swift */; };
		59B6141F2C45775B0038E75B /* TestDemoUITests.swift in Sources */ = {isa = PBXBuildFile; fileRef = 59B6141E2C45775B0038E75B /* TestDemoUITests.swift */; };
		59B614212C45775B0038E75B /* TestDemoUITestsLaunchTests.swift in Sources */ = {isa = PBXBuildFile; fileRef = 59B614202C45775B0038E75B /* TestDemoUITestsLaunchTests.swift */; };
/* End PBXBuildFile section */

/* Begin PBXContainerItemProxy section */
		59A0A4912C4594A300480EF3 /* PBXContainerItemProxy */ = {
			isa = PBXContainerItemProxy;
			containerPortal = 1277443A2722A82A007D63AC /* Project object */;
			proxyType = 1;
			remoteGlobalIDString = 127744412722A82A007D63AC;
			remoteInfo = UITesting;
		};
		59B614222C45775B0038E75B /* PBXContainerItemProxy */ = {
			isa = PBXContainerItemProxy;
			containerPortal = 1277443A2722A82A007D63AC /* Project object */;
			proxyType = 1;
			remoteGlobalIDString = 127744412722A82A007D63AC;
			remoteInfo = UITesting;
		};
/* End PBXContainerItemProxy section */

/* Begin PBXFileReference section */
		127744422722A82A007D63AC /* UITesting.app */ = {isa = PBXFileReference; explicitFileType = wrapper.application; includeInIndex = 0; path = UITesting.app; sourceTree = BUILT_PRODUCTS_DIR; };
		127744452722A82A007D63AC /* AppDelegate.swift */ = {isa = PBXFileReference; lastKnownFileType = sourcecode.swift; path = AppDelegate.swift; sourceTree = "<group>"; };
		127744472722A82A007D63AC /* SceneDelegate.swift */ = {isa = PBXFileReference; lastKnownFileType = sourcecode.swift; path = SceneDelegate.swift; sourceTree = "<group>"; };
		127744492722A82A007D63AC /* ViewController.swift */ = {isa = PBXFileReference; lastKnownFileType = sourcecode.swift; path = ViewController.swift; sourceTree = "<group>"; };
		1277444C2722A82A007D63AC /* Base */ = {isa = PBXFileReference; lastKnownFileType = file.storyboard; name = Base; path = Base.lproj/Main.storyboard; sourceTree = "<group>"; };
		1277444E2722A82D007D63AC /* Assets.xcassets */ = {isa = PBXFileReference; lastKnownFileType = folder.assetcatalog; path = Assets.xcassets; sourceTree = "<group>"; };
		127744512722A82D007D63AC /* Base */ = {isa = PBXFileReference; lastKnownFileType = file.storyboard; name = Base; path = Base.lproj/LaunchScreen.storyboard; sourceTree = "<group>"; };
		127744532722A82D007D63AC /* Info.plist */ = {isa = PBXFileReference; lastKnownFileType = text.plist.xml; path = Info.plist; sourceTree = "<group>"; };
		59A0A48B2C4594A300480EF3 /* UITestingUITests.xctest */ = {isa = PBXFileReference; explicitFileType = wrapper.cfbundle; includeInIndex = 0; path = UITestingUITests.xctest; sourceTree = BUILT_PRODUCTS_DIR; };
		59A0A48D2C4594A300480EF3 /* UITestingUITests.swift */ = {isa = PBXFileReference; lastKnownFileType = sourcecode.swift; path = UITestingUITests.swift; sourceTree = "<group>"; };
		59A0A48F2C4594A300480EF3 /* UITestingUITestsLaunchTests.swift */ = {isa = PBXFileReference; lastKnownFileType = sourcecode.swift; path = UITestingUITestsLaunchTests.swift; sourceTree = "<group>"; };
		59B6141C2C45775B0038E75B /* TestDemoUITests.xctest */ = {isa = PBXFileReference; explicitFileType = wrapper.cfbundle; includeInIndex = 0; path = TestDemoUITests.xctest; sourceTree = BUILT_PRODUCTS_DIR; };
		59B6141E2C45775B0038E75B /* TestDemoUITests.swift */ = {isa = PBXFileReference; lastKnownFileType = sourcecode.swift; path = TestDemoUITests.swift; sourceTree = "<group>"; };
		59B614202C45775B0038E75B /* TestDemoUITestsLaunchTests.swift */ = {isa = PBXFileReference; lastKnownFileType = sourcecode.swift; path = TestDemoUITestsLaunchTests.swift; sourceTree = "<group>"; };
/* End PBXFileReference section */

/* Begin PBXFrameworksBuildPhase section */
		1277443F2722A82A007D63AC /* Frameworks */ = {
			isa = PBXFrameworksBuildPhase;
			buildActionMask = 2147483647;
			files = (
			);
			runOnlyForDeploymentPostprocessing = 0;
		};
		59A0A4882C4594A300480EF3 /* Frameworks */ = {
			isa = PBXFrameworksBuildPhase;
			buildActionMask = 2147483647;
			files = (
			);
			runOnlyForDeploymentPostprocessing = 0;
		};
		59B614192C45775B0038E75B /* Frameworks */ = {
			isa = PBXFrameworksBuildPhase;
			buildActionMask = 2147483647;
			files = (
			);
			runOnlyForDeploymentPostprocessing = 0;
		};
/* End PBXFrameworksBuildPhase section */

/* Begin PBXGroup section */
		127744392722A82A007D63AC = {
			isa = PBXGroup;
			children = (
				127744442722A82A007D63AC /* UITesting */,
				59B6141D2C45775B0038E75B /* TestDemoUITests */,
				59A0A48C2C4594A300480EF3 /* UITestingUITests */,
				127744432722A82A007D63AC /* Products */,
			);
			sourceTree = "<group>";
		};
		127744432722A82A007D63AC /* Products */ = {
			isa = PBXGroup;
			children = (
				127744422722A82A007D63AC /* UITesting.app */,
				59B6141C2C45775B0038E75B /* TestDemoUITests.xctest */,
				59A0A48B2C4594A300480EF3 /* UITestingUITests.xctest */,
			);
			name = Products;
			sourceTree = "<group>";
		};
		127744442722A82A007D63AC /* UITesting */ = {
			isa = PBXGroup;
			children = (
				127744452722A82A007D63AC /* AppDelegate.swift */,
				127744472722A82A007D63AC /* SceneDelegate.swift */,
				127744492722A82A007D63AC /* ViewController.swift */,
				1277444B2722A82A007D63AC /* Main.storyboard */,
				1277444E2722A82D007D63AC /* Assets.xcassets */,
				127744502722A82D007D63AC /* LaunchScreen.storyboard */,
				127744532722A82D007D63AC /* Info.plist */,
			);
			path = UITesting;
			sourceTree = "<group>";
		};
		59A0A48C2C4594A300480EF3 /* UITestingUITests */ = {
			isa = PBXGroup;
			children = (
				59A0A48D2C4594A300480EF3 /* UITestingUITests.swift */,
				59A0A48F2C4594A300480EF3 /* UITestingUITestsLaunchTests.swift */,
			);
			path = UITestingUITests;
			sourceTree = "<group>";
		};
		59B6141D2C45775B0038E75B /* TestDemoUITests */ = {
			isa = PBXGroup;
			children = (
				59B6141E2C45775B0038E75B /* TestDemoUITests.swift */,
				59B614202C45775B0038E75B /* TestDemoUITestsLaunchTests.swift */,
			);
			path = TestDemoUITests;
			sourceTree = "<group>";
		};
/* End PBXGroup section */

/* Begin PBXNativeTarget section */
		127744412722A82A007D63AC /* UITesting */ = {
			isa = PBXNativeTarget;
			buildConfigurationList = 1277446C2722A82D007D63AC /* Build configuration list for PBXNativeTarget "UITesting" */;
			buildPhases = (
				1277443E2722A82A007D63AC /* Sources */,
				1277443F2722A82A007D63AC /* Frameworks */,
				127744402722A82A007D63AC /* Resources */,
			);
			buildRules = (
			);
			dependencies = (
			);
			name = UITesting;
			productName = UITesting;
			productReference = 127744422722A82A007D63AC /* UITesting.app */;
			productType = "com.apple.product-type.application";
		};
		59A0A48A2C4594A300480EF3 /* UITestingUITests */ = {
			isa = PBXNativeTarget;
			buildConfigurationList = 59A0A4952C4594A300480EF3 /* Build configuration list for PBXNativeTarget "UITestingUITests" */;
			buildPhases = (
				59A0A4872C4594A300480EF3 /* Sources */,
				59A0A4882C4594A300480EF3 /* Frameworks */,
				59A0A4892C4594A300480EF3 /* Resources */,
			);
			buildRules = (
			);
			dependencies = (
				59A0A4922C4594A300480EF3 /* PBXTargetDependency */,
			);
			name = UITestingUITests;
			productName = UITestingUITests;
			productReference = 59A0A48B2C4594A300480EF3 /* UITestingUITests.xctest */;
			productType = "com.apple.product-type.bundle.ui-testing";
		};
		59B6141B2C45775B0038E75B /* TestDemoUITests */ = {
			isa = PBXNativeTarget;
			buildConfigurationList = 59B614262C45775B0038E75B /* Build configuration list for PBXNativeTarget "TestDemoUITests" */;
			buildPhases = (
				59B614182C45775B0038E75B /* Sources */,
				59B614192C45775B0038E75B /* Frameworks */,
				59B6141A2C45775B0038E75B /* Resources */,
			);
			buildRules = (
			);
			dependencies = (
				59B614232C45775B0038E75B /* PBXTargetDependency */,
			);
			name = TestDemoUITests;
			productName = TestDemoUITests;
			productReference = 59B6141C2C45775B0038E75B /* TestDemoUITests.xctest */;
			productType = "com.apple.product-type.bundle.ui-testing";
		};
/* End PBXNativeTarget section */

/* Begin PBXProject section */
		1277443A2722A82A007D63AC /* Project object */ = {
			isa = PBXProject;
			attributes = {
				LastSwiftUpdateCheck = 1540;
				LastUpgradeCheck = 1240;
				TargetAttributes = {
					127744412722A82A007D63AC = {
						CreatedOnToolsVersion = 12.4;
					};
					59A0A48A2C4594A300480EF3 = {
						CreatedOnToolsVersion = 15.4;
						TestTargetID = 127744412722A82A007D63AC;
					};
					59B6141B2C45775B0038E75B = {
						CreatedOnToolsVersion = 15.4;
						TestTargetID = 127744412722A82A007D63AC;
					};
				};
			};
			buildConfigurationList = 1277443D2722A82A007D63AC /* Build configuration list for PBXProject "UITesting" */;
			compatibilityVersion = "Xcode 9.3";
			developmentRegion = en;
			hasScannedForEncodings = 0;
			knownRegions = (
				en,
				Base,
			);
			mainGroup = 127744392722A82A007D63AC;
			productRefGroup = 127744432722A82A007D63AC /* Products */;
			projectDirPath = "";
			projectRoot = "";
			targets = (
				127744412722A82A007D63AC /* UITesting */,
				59B6141B2C45775B0038E75B /* TestDemoUITests */,
				59A0A48A2C4594A300480EF3 /* UITestingUITests */,
			);
		};
/* End PBXProject section */

/* Begin PBXResourcesBuildPhase section */
		127744402722A82A007D63AC /* Resources */ = {
			isa = PBXResourcesBuildPhase;
			buildActionMask = 2147483647;
			files = (
				127744522722A82D007D63AC /* LaunchScreen.storyboard in Resources */,
				1277444F2722A82D007D63AC /* Assets.xcassets in Resources */,
				1277444D2722A82A007D63AC /* Main.storyboard in Resources */,
			);
			runOnlyForDeploymentPostprocessing = 0;
		};
		59A0A4892C4594A300480EF3 /* Resources */ = {
			isa = PBXResourcesBuildPhase;
			buildActionMask = 2147483647;
			files = (
			);
			runOnlyForDeploymentPostprocessing = 0;
		};
		59B6141A2C45775B0038E75B /* Resources */ = {
			isa = PBXResourcesBuildPhase;
			buildActionMask = 2147483647;
			files = (
			);
			runOnlyForDeploymentPostprocessing = 0;
		};
/* End PBXResourcesBuildPhase section */

/* Begin PBXSourcesBuildPhase section */
		1277443E2722A82A007D63AC /* Sources */ = {
			isa = PBXSourcesBuildPhase;
			buildActionMask = 2147483647;
			files = (
				1277444A2722A82A007D63AC /* ViewController.swift in Sources */,
				127744462722A82A007D63AC /* AppDelegate.swift in Sources */,
				127744482722A82A007D63AC /* SceneDelegate.swift in Sources */,
			);
			runOnlyForDeploymentPostprocessing = 0;
		};
		59A0A4872C4594A300480EF3 /* Sources */ = {
			isa = PBXSourcesBuildPhase;
			buildActionMask = 2147483647;
			files = (
				59A0A48E2C4594A300480EF3 /* UITestingUITests.swift in Sources */,
				59A0A4902C4594A300480EF3 /* UITestingUITestsLaunchTests.swift in Sources */,
			);
			runOnlyForDeploymentPostprocessing = 0;
		};
		59B614182C45775B0038E75B /* Sources */ = {
			isa = PBXSourcesBuildPhase;
			buildActionMask = 2147483647;
			files = (
				59B614212C45775B0038E75B /* TestDemoUITestsLaunchTests.swift in Sources */,
				59B6141F2C45775B0038E75B /* TestDemoUITests.swift in Sources */,
			);
			runOnlyForDeploymentPostprocessing = 0;
		};
/* End PBXSourcesBuildPhase section */

/* Begin PBXTargetDependency section */
		59A0A4922C4594A300480EF3 /* PBXTargetDependency */ = {
			isa = PBXTargetDependency;
			target = 127744412722A82A007D63AC /* UITesting */;
			targetProxy = 59A0A4912C4594A300480EF3 /* PBXContainerItemProxy */;
		};
		59B614232C45775B0038E75B /* PBXTargetDependency */ = {
			isa = PBXTargetDependency;
			target = 127744412722A82A007D63AC /* UITesting */;
			targetProxy = 59B614222C45775B0038E75B /* PBXContainerItemProxy */;
		};
/* End PBXTargetDependency section */

/* Begin PBXVariantGroup section */
		1277444B2722A82A007D63AC /* Main.storyboard */ = {
			isa = PBXVariantGroup;
			children = (
				1277444C2722A82A007D63AC /* Base */,
			);
			name = Main.storyboard;
			sourceTree = "<group>";
		};
		127744502722A82D007D63AC /* LaunchScreen.storyboard */ = {
			isa = PBXVariantGroup;
			children = (
				127744512722A82D007D63AC /* Base */,
			);
			name = LaunchScreen.storyboard;
			sourceTree = "<group>";
		};
/* End PBXVariantGroup section */

/* Begin XCBuildConfiguration section */
		1277446A2722A82D007D63AC /* Debug */ = {
			isa = XCBuildConfiguration;
			buildSettings = {
				ALWAYS_SEARCH_USER_PATHS = NO;
				CLANG_ANALYZER_NONNULL = YES;
				CLANG_ANALYZER_NUMBER_OBJECT_CONVERSION = YES_AGGRESSIVE;
				CLANG_CXX_LANGUAGE_STANDARD = "gnu++14";
				CLANG_CXX_LIBRARY = "libc++";
				CLANG_ENABLE_MODULES = YES;
				CLANG_ENABLE_OBJC_ARC = YES;
				CLANG_ENABLE_OBJC_WEAK = YES;
				CLANG_WARN_BLOCK_CAPTURE_AUTORELEASING = YES;
				CLANG_WARN_BOOL_CONVERSION = YES;
				CLANG_WARN_COMMA = YES;
				CLANG_WARN_CONSTANT_CONVERSION = YES;
				CLANG_WARN_DEPRECATED_OBJC_IMPLEMENTATIONS = YES;
				CLANG_WARN_DIRECT_OBJC_ISA_USAGE = YES_ERROR;
				CLANG_WARN_DOCUMENTATION_COMMENTS = YES;
				CLANG_WARN_EMPTY_BODY = YES;
				CLANG_WARN_ENUM_CONVERSION = YES;
				CLANG_WARN_INFINITE_RECURSION = YES;
				CLANG_WARN_INT_CONVERSION = YES;
				CLANG_WARN_NON_LITERAL_NULL_CONVERSION = YES;
				CLANG_WARN_OBJC_IMPLICIT_RETAIN_SELF = YES;
				CLANG_WARN_OBJC_LITERAL_CONVERSION = YES;
				CLANG_WARN_OBJC_ROOT_CLASS = YES_ERROR;
				CLANG_WARN_QUOTED_INCLUDE_IN_FRAMEWORK_HEADER = YES;
				CLANG_WARN_RANGE_LOOP_ANALYSIS = YES;
				CLANG_WARN_STRICT_PROTOTYPES = YES;
				CLANG_WARN_SUSPICIOUS_MOVE = YES;
				CLANG_WARN_UNGUARDED_AVAILABILITY = YES_AGGRESSIVE;
				CLANG_WARN_UNREACHABLE_CODE = YES;
				CLANG_WARN__DUPLICATE_METHOD_MATCH = YES;
				COPY_PHASE_STRIP = NO;
				DEBUG_INFORMATION_FORMAT = dwarf;
				ENABLE_STRICT_OBJC_MSGSEND = YES;
				ENABLE_TESTABILITY = YES;
				GCC_C_LANGUAGE_STANDARD = gnu11;
				GCC_DYNAMIC_NO_PIC = NO;
				GCC_NO_COMMON_BLOCKS = YES;
				GCC_OPTIMIZATION_LEVEL = 0;
				GCC_PREPROCESSOR_DEFINITIONS = (
					"DEBUG=1",
					"$(inherited)",
				);
				GCC_WARN_64_TO_32_BIT_CONVERSION = YES;
				GCC_WARN_ABOUT_RETURN_TYPE = YES_ERROR;
				GCC_WARN_UNDECLARED_SELECTOR = YES;
				GCC_WARN_UNINITIALIZED_AUTOS = YES_AGGRESSIVE;
				GCC_WARN_UNUSED_FUNCTION = YES;
				GCC_WARN_UNUSED_VARIABLE = YES;
				IPHONEOS_DEPLOYMENT_TARGET = 14.4;
				MTL_ENABLE_DEBUG_INFO = INCLUDE_SOURCE;
				MTL_FAST_MATH = YES;
				ONLY_ACTIVE_ARCH = YES;
				SDKROOT = iphoneos;
				SWIFT_ACTIVE_COMPILATION_CONDITIONS = DEBUG;
				SWIFT_OPTIMIZATION_LEVEL = "-Onone";
			};
			name = Debug;
		};
		1277446B2722A82D007D63AC /* Release */ = {
			isa = XCBuildConfiguration;
			buildSettings = {
				ALWAYS_SEARCH_USER_PATHS = NO;
				CLANG_ANALYZER_NONNULL = YES;
				CLANG_ANALYZER_NUMBER_OBJECT_CONVERSION = YES_AGGRESSIVE;
				CLANG_CXX_LANGUAGE_STANDARD = "gnu++14";
				CLANG_CXX_LIBRARY = "libc++";
				CLANG_ENABLE_MODULES = YES;
				CLANG_ENABLE_OBJC_ARC = YES;
				CLANG_ENABLE_OBJC_WEAK = YES;
				CLANG_WARN_BLOCK_CAPTURE_AUTORELEASING = YES;
				CLANG_WARN_BOOL_CONVERSION = YES;
				CLANG_WARN_COMMA = YES;
				CLANG_WARN_CONSTANT_CONVERSION = YES;
				CLANG_WARN_DEPRECATED_OBJC_IMPLEMENTATIONS = YES;
				CLANG_WARN_DIRECT_OBJC_ISA_USAGE = YES_ERROR;
				CLANG_WARN_DOCUMENTATION_COMMENTS = YES;
				CLANG_WARN_EMPTY_BODY = YES;
				CLANG_WARN_ENUM_CONVERSION = YES;
				CLANG_WARN_INFINITE_RECURSION = YES;
				CLANG_WARN_INT_CONVERSION = YES;
				CLANG_WARN_NON_LITERAL_NULL_CONVERSION = YES;
				CLANG_WARN_OBJC_IMPLICIT_RETAIN_SELF = YES;
				CLANG_WARN_OBJC_LITERAL_CONVERSION = YES;
				CLANG_WARN_OBJC_ROOT_CLASS = YES_ERROR;
				CLANG_WARN_QUOTED_INCLUDE_IN_FRAMEWORK_HEADER = YES;
				CLANG_WARN_RANGE_LOOP_ANALYSIS = YES;
				CLANG_WARN_STRICT_PROTOTYPES = YES;
				CLANG_WARN_SUSPICIOUS_MOVE = YES;
				CLANG_WARN_UNGUARDED_AVAILABILITY = YES_AGGRESSIVE;
				CLANG_WARN_UNREACHABLE_CODE = YES;
				CLANG_WARN__DUPLICATE_METHOD_MATCH = YES;
				COPY_PHASE_STRIP = NO;
				DEBUG_INFORMATION_FORMAT = "dwarf-with-dsym";
				ENABLE_NS_ASSERTIONS = NO;
				ENABLE_STRICT_OBJC_MSGSEND = YES;
				GCC_C_LANGUAGE_STANDARD = gnu11;
				GCC_NO_COMMON_BLOCKS = YES;
				GCC_WARN_64_TO_32_BIT_CONVERSION = YES;
				GCC_WARN_ABOUT_RETURN_TYPE = YES_ERROR;
				GCC_WARN_UNDECLARED_SELECTOR = YES;
				GCC_WARN_UNINITIALIZED_AUTOS = YES_AGGRESSIVE;
				GCC_WARN_UNUSED_FUNCTION = YES;
				GCC_WARN_UNUSED_VARIABLE = YES;
				IPHONEOS_DEPLOYMENT_TARGET = 14.4;
				MTL_ENABLE_DEBUG_INFO = NO;
				MTL_FAST_MATH = YES;
				SDKROOT = iphoneos;
				SWIFT_COMPILATION_MODE = wholemodule;
				SWIFT_OPTIMIZATION_LEVEL = "-O";
				VALIDATE_PRODUCT = YES;
			};
			name = Release;
		};
		1277446D2722A82D007D63AC /* Debug */ = {
			isa = XCBuildConfiguration;
			buildSettings = {
				ASSETCATALOG_COMPILER_APPICON_NAME = AppIcon;
				ASSETCATALOG_COMPILER_GLOBAL_ACCENT_COLOR_NAME = AccentColor;
				CODE_SIGN_STYLE = Automatic;
				INFOPLIST_FILE = UITesting/Info.plist;
				LD_RUNPATH_SEARCH_PATHS = (
					"$(inherited)",
					"@executable_path/Frameworks",
				);
				PRODUCT_BUNDLE_IDENTIFIER = com.macco.UITesting;
				PRODUCT_NAME = "$(TARGET_NAME)";
				SWIFT_VERSION = 5.0;
				TARGETED_DEVICE_FAMILY = "1,2";
			};
			name = Debug;
		};
		1277446E2722A82D007D63AC /* Release */ = {
			isa = XCBuildConfiguration;
			buildSettings = {
				ASSETCATALOG_COMPILER_APPICON_NAME = AppIcon;
				ASSETCATALOG_COMPILER_GLOBAL_ACCENT_COLOR_NAME = AccentColor;
				CODE_SIGN_STYLE = Automatic;
				INFOPLIST_FILE = UITesting/Info.plist;
				LD_RUNPATH_SEARCH_PATHS = (
					"$(inherited)",
					"@executable_path/Frameworks",
				);
				PRODUCT_BUNDLE_IDENTIFIER = com.macco.UITesting;
				PRODUCT_NAME = "$(TARGET_NAME)";
				SWIFT_VERSION = 5.0;
				TARGETED_DEVICE_FAMILY = "1,2";
			};
			name = Release;
		};
		59A0A4932C4594A300480EF3 /* Debug */ = {
			isa = XCBuildConfiguration;
			buildSettings = {
				ASSETCATALOG_COMPILER_GENERATE_SWIFT_ASSET_SYMBOL_EXTENSIONS = YES;
				CLANG_CXX_LANGUAGE_STANDARD = "gnu++20";
				CODE_SIGN_STYLE = Automatic;
				CURRENT_PROJECT_VERSION = 1;
				DEVELOPMENT_TEAM = FYPPGY24NW;
				ENABLE_USER_SCRIPT_SANDBOXING = YES;
				GCC_C_LANGUAGE_STANDARD = gnu17;
				GENERATE_INFOPLIST_FILE = YES;
				IPHONEOS_DEPLOYMENT_TARGET = 17.5;
				LOCALIZATION_PREFERS_STRING_CATALOGS = YES;
				MARKETING_VERSION = 1.0;
				PRODUCT_BUNDLE_IDENTIFIER = com.thetestgirlnoise.UITestingUITests;
				PRODUCT_NAME = "$(TARGET_NAME)";
				SWIFT_ACTIVE_COMPILATION_CONDITIONS = "DEBUG $(inherited)";
				SWIFT_EMIT_LOC_STRINGS = NO;
				SWIFT_VERSION = 5.0;
				TARGETED_DEVICE_FAMILY = "1,2";
				TEST_TARGET_NAME = UITesting;
			};
			name = Debug;
		};
		59A0A4942C4594A300480EF3 /* Release */ = {
			isa = XCBuildConfiguration;
			buildSettings = {
				ASSETCATALOG_COMPILER_GENERATE_SWIFT_ASSET_SYMBOL_EXTENSIONS = YES;
				CLANG_CXX_LANGUAGE_STANDARD = "gnu++20";
				CODE_SIGN_STYLE = Automatic;
				CURRENT_PROJECT_VERSION = 1;
				DEVELOPMENT_TEAM = FYPPGY24NW;
				ENABLE_USER_SCRIPT_SANDBOXING = YES;
				GCC_C_LANGUAGE_STANDARD = gnu17;
				GENERATE_INFOPLIST_FILE = YES;
				IPHONEOS_DEPLOYMENT_TARGET = 17.5;
				LOCALIZATION_PREFERS_STRING_CATALOGS = YES;
				MARKETING_VERSION = 1.0;
				PRODUCT_BUNDLE_IDENTIFIER = com.thetestgirlnoise.UITestingUITests;
				PRODUCT_NAME = "$(TARGET_NAME)";
				SWIFT_EMIT_LOC_STRINGS = NO;
				SWIFT_VERSION = 5.0;
				TARGETED_DEVICE_FAMILY = "1,2";
				TEST_TARGET_NAME = UITesting;
			};
			name = Release;
		};
		59B614242C45775B0038E75B /* Debug */ = {
			isa = XCBuildConfiguration;
			buildSettings = {
				ASSETCATALOG_COMPILER_GENERATE_SWIFT_ASSET_SYMBOL_EXTENSIONS = YES;
				CLANG_CXX_LANGUAGE_STANDARD = "gnu++20";
				CODE_SIGN_STYLE = Automatic;
				CURRENT_PROJECT_VERSION = 1;
				DEVELOPMENT_TEAM = FYPPGY24NW;
				ENABLE_USER_SCRIPT_SANDBOXING = YES;
				GCC_C_LANGUAGE_STANDARD = gnu17;
				GENERATE_INFOPLIST_FILE = YES;
				IPHONEOS_DEPLOYMENT_TARGET = 17.5;
				LOCALIZATION_PREFERS_STRING_CATALOGS = YES;
				MARKETING_VERSION = 1.0;
				PRODUCT_BUNDLE_IDENTIFIER = com.thetestgirlnoise.TestDemoUITests;
				PRODUCT_NAME = "$(TARGET_NAME)";
				SWIFT_ACTIVE_COMPILATION_CONDITIONS = "DEBUG $(inherited)";
				SWIFT_EMIT_LOC_STRINGS = NO;
				SWIFT_VERSION = 5.0;
				TARGETED_DEVICE_FAMILY = "1,2";
				TEST_TARGET_NAME = UITesting;
			};
			name = Debug;
		};
		59B614252C45775B0038E75B /* Release */ = {
			isa = XCBuildConfiguration;
			buildSettings = {
				ASSETCATALOG_COMPILER_GENERATE_SWIFT_ASSET_SYMBOL_EXTENSIONS = YES;
				CLANG_CXX_LANGUAGE_STANDARD = "gnu++20";
				CODE_SIGN_STYLE = Automatic;
				CURRENT_PROJECT_VERSION = 1;
				DEVELOPMENT_TEAM = FYPPGY24NW;
				ENABLE_USER_SCRIPT_SANDBOXING = YES;
				GCC_C_LANGUAGE_STANDARD = gnu17;
				GENERATE_INFOPLIST_FILE = YES;
				IPHONEOS_DEPLOYMENT_TARGET = 17.5;
				LOCALIZATION_PREFERS_STRING_CATALOGS = YES;
				MARKETING_VERSION = 1.0;
				PRODUCT_BUNDLE_IDENTIFIER = com.thetestgirlnoise.TestDemoUITests;
				PRODUCT_NAME = "$(TARGET_NAME)";
				SWIFT_EMIT_LOC_STRINGS = NO;
				SWIFT_VERSION = 5.0;
				TARGETED_DEVICE_FAMILY = "1,2";
				TEST_TARGET_NAME = UITesting;
			};
			name = Release;
		};
/* End XCBuildConfiguration section */

/* Begin XCConfigurationList section */
		1277443D2722A82A007D63AC /* Build configuration list for PBXProject "UITesting" */ = {
			isa = XCConfigurationList;
			buildConfigurations = (
				1277446A2722A82D007D63AC /* Debug */,
				1277446B2722A82D007D63AC /* Release */,
			);
			defaultConfigurationIsVisible = 0;
			defaultConfigurationName = Release;
		};
		1277446C2722A82D007D63AC /* Build configuration list for PBXNativeTarget "UITesting" */ = {
			isa = XCConfigurationList;
			buildConfigurations = (
				1277446D2722A82D007D63AC /* Debug */,
				1277446E2722A82D007D63AC /* Release */,
			);
			defaultConfigurationIsVisible = 0;
			defaultConfigurationName = Release;
		};
		59A0A4952C4594A300480EF3 /* Build configuration list for PBXNativeTarget "UITestingUITests" */ = {
			isa = XCConfigurationList;
			buildConfigurations = (
				59A0A4932C4594A300480EF3 /* Debug */,
				59A0A4942C4594A300480EF3 /* Release */,
			);
			defaultConfigurationIsVisible = 0;
			defaultConfigurationName = Release;
		};
		59B614262C45775B0038E75B /* Build configuration list for PBXNativeTarget "TestDemoUITests" */ = {
			isa = XCConfigurationList;
			buildConfigurations = (
				59B614242C45775B0038E75B /* Debug */,
				59B614252C45775B0038E75B /* Release */,
			);
			defaultConfigurationIsVisible = 0;
			defaultConfigurationName = Release;
		};
/* End XCConfigurationList section */
	};
	rootObject = 1277443A2722A82A007D63AC /* Project object */;
}
